// !$*UTF8*$!
{
	archiveVersion = 1;
	classes = {
	};
	objectVersion = 50;
	objects = {

/* Begin PBXBuildFile section */
		C4026D65210DBC3900716D91 /* NaiveBayesClassifier.cpp in Sources */ = {isa = PBXBuildFile; fileRef = C4026D63210DBC3900716D91 /* NaiveBayesClassifier.cpp */; };
		C40E156120DAFCB600658B2E /* main.cpp in Sources */ = {isa = PBXBuildFile; fileRef = C40E156020DAFCB600658B2E /* main.cpp */; };
		C40E156C20DC20DC00658B2E /* Region.cpp in Sources */ = {isa = PBXBuildFile; fileRef = C40E156A20DC20DC00658B2E /* Region.cpp */; };
		C40E156F20DD4CC300658B2E /* Region_Growing.cpp in Sources */ = {isa = PBXBuildFile; fileRef = C40E156D20DD4CC300658B2E /* Region_Growing.cpp */; };
		C464BF9A20ED38CB0075DFAB /* Training.cpp in Sources */ = {isa = PBXBuildFile; fileRef = C464BF9820ED38CB0075DFAB /* Training.cpp */; };
		C4826795210E23C600BC37B9 /* GaussianKDE.cpp in Sources */ = {isa = PBXBuildFile; fileRef = C4826793210E23C600BC37B9 /* GaussianKDE.cpp */; };
		C4B979E220E42B8D00E9709E /* slic.cpp in Sources */ = {isa = PBXBuildFile; fileRef = C4B979E120E42B8D00E9709E /* slic.cpp */; };
/* End PBXBuildFile section */

/* Begin PBXCopyFilesBuildPhase section */
		C40E155B20DAFCB600658B2E /* CopyFiles */ = {
			isa = PBXCopyFilesBuildPhase;
			buildActionMask = 2147483647;
			dstPath = /usr/share/man/man1/;
			dstSubfolderSpec = 0;
			files = (
			);
			runOnlyForDeploymentPostprocessing = 1;
		};
/* End PBXCopyFilesBuildPhase section */

/* Begin PBXFileReference section */
		C4026D63210DBC3900716D91 /* NaiveBayesClassifier.cpp */ = {isa = PBXFileReference; lastKnownFileType = sourcecode.cpp.cpp; path = NaiveBayesClassifier.cpp; sourceTree = "<group>"; };
		C4026D64210DBC3900716D91 /* NaiveBayesClassifier.hpp */ = {isa = PBXFileReference; lastKnownFileType = sourcecode.cpp.h; path = NaiveBayesClassifier.hpp; sourceTree = "<group>"; };
		C40E155D20DAFCB600658B2E /* Naive_Bayes_Segmentation */ = {isa = PBXFileReference; explicitFileType = "compiled.mach-o.executable"; includeInIndex = 0; path = Naive_Bayes_Segmentation; sourceTree = BUILT_PRODUCTS_DIR; };
		C40E156020DAFCB600658B2E /* main.cpp */ = {isa = PBXFileReference; lastKnownFileType = sourcecode.cpp.cpp; path = main.cpp; sourceTree = "<group>"; };
		C40E156A20DC20DC00658B2E /* Region.cpp */ = {isa = PBXFileReference; lastKnownFileType = sourcecode.cpp.cpp; path = Region.cpp; sourceTree = "<group>"; };
		C40E156B20DC20DC00658B2E /* Region.hpp */ = {isa = PBXFileReference; lastKnownFileType = sourcecode.cpp.h; path = Region.hpp; sourceTree = "<group>"; };
		C40E156D20DD4CC300658B2E /* Region_Growing.cpp */ = {isa = PBXFileReference; lastKnownFileType = sourcecode.cpp.cpp; path = Region_Growing.cpp; sourceTree = "<group>"; };
		C40E156E20DD4CC300658B2E /* Region_Growing.hpp */ = {isa = PBXFileReference; lastKnownFileType = sourcecode.cpp.h; path = Region_Growing.hpp; sourceTree = "<group>"; };
		C464BF9820ED38CB0075DFAB /* Training.cpp */ = {isa = PBXFileReference; lastKnownFileType = sourcecode.cpp.cpp; path = Training.cpp; sourceTree = "<group>"; };
		C464BF9920ED38CB0075DFAB /* Training.hpp */ = {isa = PBXFileReference; lastKnownFileType = sourcecode.cpp.h; path = Training.hpp; sourceTree = "<group>"; };
		C464BF9D20ED3BBF0075DFAB /* Stat.h */ = {isa = PBXFileReference; lastKnownFileType = sourcecode.c.h; path = Stat.h; sourceTree = "<group>"; };
		C4826793210E23C600BC37B9 /* GaussianKDE.cpp */ = {isa = PBXFileReference; lastKnownFileType = sourcecode.cpp.cpp; path = GaussianKDE.cpp; sourceTree = "<group>"; };
		C4826794210E23C600BC37B9 /* GaussianKDE.hpp */ = {isa = PBXFileReference; lastKnownFileType = sourcecode.cpp.h; path = GaussianKDE.hpp; sourceTree = "<group>"; };
		C4B979E020E42B8D00E9709E /* slic.h */ = {isa = PBXFileReference; fileEncoding = 4; lastKnownFileType = sourcecode.c.h; path = slic.h; sourceTree = "<group>"; };
		C4B979E120E42B8D00E9709E /* slic.cpp */ = {isa = PBXFileReference; fileEncoding = 4; lastKnownFileType = sourcecode.cpp.cpp; path = slic.cpp; sourceTree = "<group>"; };
/* End PBXFileReference section */

/* Begin PBXFrameworksBuildPhase section */
		C40E155A20DAFCB600658B2E /* Frameworks */ = {
			isa = PBXFrameworksBuildPhase;
			buildActionMask = 2147483647;
			files = (
			);
			runOnlyForDeploymentPostprocessing = 0;
		};
/* End PBXFrameworksBuildPhase section */

/* Begin PBXGroup section */
		C40E155420DAFCB600658B2E = {
			isa = PBXGroup;
			children = (
				C40E155F20DAFCB600658B2E /* Naive_Bayes_Segmentation */,
				C40E155E20DAFCB600658B2E /* Products */,
			);
			sourceTree = "<group>";
		};
		C40E155E20DAFCB600658B2E /* Products */ = {
			isa = PBXGroup;
			children = (
				C40E155D20DAFCB600658B2E /* Naive_Bayes_Segmentation */,
			);
			name = Products;
			sourceTree = "<group>";
		};
		C40E155F20DAFCB600658B2E /* Naive_Bayes_Segmentation */ = {
			isa = PBXGroup;
			children = (
				C40E156020DAFCB600658B2E /* main.cpp */,
				C40E156920DC203500658B2E /* ML_module */,
				C40E156820DC202200658B2E /* Region_Growing_Module */,
				C40E156720DC1FED00658B2E /* Region_module */,
			);
			path = Naive_Bayes_Segmentation;
			sourceTree = "<group>";
		};
		C40E156720DC1FED00658B2E /* Region_module */ = {
			isa = PBXGroup;
			children = (
				C40E156A20DC20DC00658B2E /* Region.cpp */,
				C40E156B20DC20DC00658B2E /* Region.hpp */,
			);
			path = Region_module;
			sourceTree = "<group>";
		};
		C40E156820DC202200658B2E /* Region_Growing_Module */ = {
			isa = PBXGroup;
			children = (
				C4B979E120E42B8D00E9709E /* slic.cpp */,
				C4B979E020E42B8D00E9709E /* slic.h */,
				C40E156D20DD4CC300658B2E /* Region_Growing.cpp */,
				C40E156E20DD4CC300658B2E /* Region_Growing.hpp */,
			);
			path = Region_Growing_Module;
			sourceTree = "<group>";
		};
		C40E156920DC203500658B2E /* ML_module */ = {
			isa = PBXGroup;
			children = (
				C464BF9820ED38CB0075DFAB /* Training.cpp */,
				C464BF9920ED38CB0075DFAB /* Training.hpp */,
				C464BF9D20ED3BBF0075DFAB /* Stat.h */,
				C4026D63210DBC3900716D91 /* NaiveBayesClassifier.cpp */,
				C4026D64210DBC3900716D91 /* NaiveBayesClassifier.hpp */,
				C4826793210E23C600BC37B9 /* GaussianKDE.cpp */,
				C4826794210E23C600BC37B9 /* GaussianKDE.hpp */,
			);
			path = ML_module;
			sourceTree = "<group>";
		};
/* End PBXGroup section */

/* Begin PBXNativeTarget section */
		C40E155C20DAFCB600658B2E /* Naive_Bayes_Segmentation */ = {
			isa = PBXNativeTarget;
			buildConfigurationList = C40E156420DAFCB600658B2E /* Build configuration list for PBXNativeTarget "Naive_Bayes_Segmentation" */;
			buildPhases = (
				C40E155920DAFCB600658B2E /* Sources */,
				C40E155A20DAFCB600658B2E /* Frameworks */,
				C40E155B20DAFCB600658B2E /* CopyFiles */,
			);
			buildRules = (
			);
			dependencies = (
			);
			name = Naive_Bayes_Segmentation;
			productName = Naive_Bayes_Segmentation;
			productReference = C40E155D20DAFCB600658B2E /* Naive_Bayes_Segmentation */;
			productType = "com.apple.product-type.tool";
		};
/* End PBXNativeTarget section */

/* Begin PBXProject section */
		C40E155520DAFCB600658B2E /* Project object */ = {
			isa = PBXProject;
			attributes = {
				LastUpgradeCheck = 0940;
				ORGANIZATIONNAME = MK;
				TargetAttributes = {
					C40E155C20DAFCB600658B2E = {
						CreatedOnToolsVersion = 9.4;
					};
				};
			};
			buildConfigurationList = C40E155820DAFCB600658B2E /* Build configuration list for PBXProject "Naive_Bayes_Segmentation" */;
			compatibilityVersion = "Xcode 9.3";
			developmentRegion = en;
			hasScannedForEncodings = 0;
			knownRegions = (
				en,
			);
			mainGroup = C40E155420DAFCB600658B2E;
			productRefGroup = C40E155E20DAFCB600658B2E /* Products */;
			projectDirPath = "";
			projectRoot = "";
			targets = (
				C40E155C20DAFCB600658B2E /* Naive_Bayes_Segmentation */,
			);
		};
/* End PBXProject section */

/* Begin PBXSourcesBuildPhase section */
		C40E155920DAFCB600658B2E /* Sources */ = {
			isa = PBXSourcesBuildPhase;
			buildActionMask = 2147483647;
			files = (
				C464BF9A20ED38CB0075DFAB /* Training.cpp in Sources */,
				C4026D65210DBC3900716D91 /* NaiveBayesClassifier.cpp in Sources */,
				C4B979E220E42B8D00E9709E /* slic.cpp in Sources */,
				C40E156120DAFCB600658B2E /* main.cpp in Sources */,
				C4826795210E23C600BC37B9 /* GaussianKDE.cpp in Sources */,
				C40E156F20DD4CC300658B2E /* Region_Growing.cpp in Sources */,
				C40E156C20DC20DC00658B2E /* Region.cpp in Sources */,
			);
			runOnlyForDeploymentPostprocessing = 0;
		};
/* End PBXSourcesBuildPhase section */

/* Begin XCBuildConfiguration section */
		C40E156220DAFCB600658B2E /* Debug */ = {
			isa = XCBuildConfiguration;
			buildSettings = {
				ALWAYS_SEARCH_USER_PATHS = NO;
				CLANG_ANALYZER_NONNULL = YES;
				CLANG_ANALYZER_NUMBER_OBJECT_CONVERSION = YES_AGGRESSIVE;
				CLANG_CXX_LANGUAGE_STANDARD = "gnu++14";
				CLANG_CXX_LIBRARY = "libc++";
				CLANG_ENABLE_MODULES = YES;
				CLANG_ENABLE_OBJC_ARC = YES;
				CLANG_ENABLE_OBJC_WEAK = YES;
				CLANG_WARN_BLOCK_CAPTURE_AUTORELEASING = YES;
				CLANG_WARN_BOOL_CONVERSION = YES;
				CLANG_WARN_COMMA = YES;
				CLANG_WARN_CONSTANT_CONVERSION = YES;
				CLANG_WARN_DEPRECATED_OBJC_IMPLEMENTATIONS = YES;
				CLANG_WARN_DIRECT_OBJC_ISA_USAGE = YES_ERROR;
				CLANG_WARN_DOCUMENTATION_COMMENTS = YES;
				CLANG_WARN_EMPTY_BODY = YES;
				CLANG_WARN_ENUM_CONVERSION = YES;
				CLANG_WARN_INFINITE_RECURSION = YES;
				CLANG_WARN_INT_CONVERSION = YES;
				CLANG_WARN_NON_LITERAL_NULL_CONVERSION = YES;
				CLANG_WARN_OBJC_IMPLICIT_RETAIN_SELF = YES;
				CLANG_WARN_OBJC_LITERAL_CONVERSION = YES;
				CLANG_WARN_OBJC_ROOT_CLASS = YES_ERROR;
				CLANG_WARN_RANGE_LOOP_ANALYSIS = YES;
				CLANG_WARN_STRICT_PROTOTYPES = YES;
				CLANG_WARN_SUSPICIOUS_MOVE = YES;
				CLANG_WARN_UNGUARDED_AVAILABILITY = YES_AGGRESSIVE;
				CLANG_WARN_UNREACHABLE_CODE = YES;
				CLANG_WARN__DUPLICATE_METHOD_MATCH = YES;
				CODE_SIGN_IDENTITY = "-";
				COPY_PHASE_STRIP = NO;
				DEBUG_INFORMATION_FORMAT = dwarf;
				ENABLE_STRICT_OBJC_MSGSEND = YES;
				ENABLE_TESTABILITY = YES;
				GCC_C_LANGUAGE_STANDARD = gnu11;
				GCC_DYNAMIC_NO_PIC = NO;
				GCC_NO_COMMON_BLOCKS = YES;
				GCC_OPTIMIZATION_LEVEL = 0;
				GCC_PREPROCESSOR_DEFINITIONS = (
					"DEBUG=1",
					"$(inherited)",
				);
				GCC_WARN_64_TO_32_BIT_CONVERSION = YES;
				GCC_WARN_ABOUT_RETURN_TYPE = YES_ERROR;
				GCC_WARN_UNDECLARED_SELECTOR = YES;
				GCC_WARN_UNINITIALIZED_AUTOS = YES_AGGRESSIVE;
				GCC_WARN_UNUSED_FUNCTION = YES;
				GCC_WARN_UNUSED_VARIABLE = YES;
				MACOSX_DEPLOYMENT_TARGET = 10.13;
				MTL_ENABLE_DEBUG_INFO = YES;
				ONLY_ACTIVE_ARCH = YES;
				SDKROOT = macosx;
			};
			name = Debug;
		};
		C40E156320DAFCB600658B2E /* Release */ = {
			isa = XCBuildConfiguration;
			buildSettings = {
				ALWAYS_SEARCH_USER_PATHS = NO;
				CLANG_ANALYZER_NONNULL = YES;
				CLANG_ANALYZER_NUMBER_OBJECT_CONVERSION = YES_AGGRESSIVE;
				CLANG_CXX_LANGUAGE_STANDARD = "gnu++14";
				CLANG_CXX_LIBRARY = "libc++";
				CLANG_ENABLE_MODULES = YES;
				CLANG_ENABLE_OBJC_ARC = YES;
				CLANG_ENABLE_OBJC_WEAK = YES;
				CLANG_WARN_BLOCK_CAPTURE_AUTORELEASING = YES;
				CLANG_WARN_BOOL_CONVERSION = YES;
				CLANG_WARN_COMMA = YES;
				CLANG_WARN_CONSTANT_CONVERSION = YES;
				CLANG_WARN_DEPRECATED_OBJC_IMPLEMENTATIONS = YES;
				CLANG_WARN_DIRECT_OBJC_ISA_USAGE = YES_ERROR;
				CLANG_WARN_DOCUMENTATION_COMMENTS = YES;
				CLANG_WARN_EMPTY_BODY = YES;
				CLANG_WARN_ENUM_CONVERSION = YES;
				CLANG_WARN_INFINITE_RECURSION = YES;
				CLANG_WARN_INT_CONVERSION = YES;
				CLANG_WARN_NON_LITERAL_NULL_CONVERSION = YES;
				CLANG_WARN_OBJC_IMPLICIT_RETAIN_SELF = YES;
				CLANG_WARN_OBJC_LITERAL_CONVERSION = YES;
				CLANG_WARN_OBJC_ROOT_CLASS = YES_ERROR;
				CLANG_WARN_RANGE_LOOP_ANALYSIS = YES;
				CLANG_WARN_STRICT_PROTOTYPES = YES;
				CLANG_WARN_SUSPICIOUS_MOVE = YES;
				CLANG_WARN_UNGUARDED_AVAILABILITY = YES_AGGRESSIVE;
				CLANG_WARN_UNREACHABLE_CODE = YES;
				CLANG_WARN__DUPLICATE_METHOD_MATCH = YES;
				CODE_SIGN_IDENTITY = "-";
				COPY_PHASE_STRIP = NO;
				DEBUG_INFORMATION_FORMAT = "dwarf-with-dsym";
				ENABLE_NS_ASSERTIONS = NO;
				ENABLE_STRICT_OBJC_MSGSEND = YES;
				GCC_C_LANGUAGE_STANDARD = gnu11;
				GCC_NO_COMMON_BLOCKS = YES;
				GCC_WARN_64_TO_32_BIT_CONVERSION = YES;
				GCC_WARN_ABOUT_RETURN_TYPE = YES_ERROR;
				GCC_WARN_UNDECLARED_SELECTOR = YES;
				GCC_WARN_UNINITIALIZED_AUTOS = YES_AGGRESSIVE;
				GCC_WARN_UNUSED_FUNCTION = YES;
				GCC_WARN_UNUSED_VARIABLE = YES;
				MACOSX_DEPLOYMENT_TARGET = 10.13;
				MTL_ENABLE_DEBUG_INFO = NO;
				SDKROOT = macosx;
			};
			name = Release;
		};
		C40E156520DAFCB600658B2E /* Debug */ = {
			isa = XCBuildConfiguration;
			buildSettings = {
				CODE_SIGN_STYLE = Automatic;
				HEADER_SEARCH_PATHS = /usr/local/include;
				LIBRARY_SEARCH_PATHS = /usr/local/lib;
				OTHER_LDFLAGS = (
					"-lopencv_calib3d",
					"-lopencv_core",
					"-lopencv_features2d",
					"-lopencv_flann",
					"-lopencv_highgui",
					"-lopencv_imgcodecs",
					"-lopencv_imgproc",
					"-lopencv_ml",
					"-lopencv_objdetect",
					"-lopencv_photo",
					"-lopencv_shape",
					"-lopencv_stitching",
					"-lopencv_superres",
					"-lopencv_ts",
					"-lopencv_video",
					"-lopencv_videoio",
					"-lopencv_videostab",
				);
				PRODUCT_NAME = "$(TARGET_NAME)";
			};
			name = Debug;
		};
		C40E156620DAFCB600658B2E /* Release */ = {
			isa = XCBuildConfiguration;
			buildSettings = {
				CODE_SIGN_STYLE = Automatic;
				HEADER_SEARCH_PATHS = /usr/local/include;
				LIBRARY_SEARCH_PATHS = /usr/local/lib;
				OTHER_LDFLAGS = (
					"-lopencv_calib3d",
					"-lopencv_core",
					"-lopencv_features2d",
					"-lopencv_flann",
					"-lopencv_highgui",
					"-lopencv_imgcodecs",
					"-lopencv_imgproc",
					"-lopencv_ml",
					"-lopencv_objdetect",
					"-lopencv_photo",
					"-lopencv_shape",
					"-lopencv_stitching",
					"-lopencv_superres",
					"-lopencv_ts",
					"-lopencv_video",
					"-lopencv_videoio",
					"-lopencv_videostab",
				);
				PRODUCT_NAME = "$(TARGET_NAME)";
			};
			name = Release;
		};
/* End XCBuildConfiguration section */

/* Begin XCConfigurationList section */
		C40E155820DAFCB600658B2E /* Build configuration list for PBXProject "Naive_Bayes_Segmentation" */ = {
			isa = XCConfigurationList;
			buildConfigurations = (
				C40E156220DAFCB600658B2E /* Debug */,
				C40E156320DAFCB600658B2E /* Release */,
			);
			defaultConfigurationIsVisible = 0;
			defaultConfigurationName = Release;
		};
		C40E156420DAFCB600658B2E /* Build configuration list for PBXNativeTarget "Naive_Bayes_Segmentation" */ = {
			isa = XCConfigurationList;
			buildConfigurations = (
				C40E156520DAFCB600658B2E /* Debug */,
				C40E156620DAFCB600658B2E /* Release */,
			);
			defaultConfigurationIsVisible = 0;
			defaultConfigurationName = Release;
		};
/* End XCConfigurationList section */
	};
	rootObject = C40E155520DAFCB600658B2E /* Project object */;
}
